
Microsoft Visual Studio Solution File, Format Version 12.00
# Visual Studio 2012
Project("{FAE04EC0-301F-11D3-BF4B-00C04F79EFBC}") = "TranslationPass", "TranslationPass\TranslationPass.csproj", "{BA427960-E098-49FB-A0C2-C5DB4604ADDC}"
EndProject
Global
	GlobalSection(SolutionConfigurationPlatforms) = preSolution
		Debug|Any CPU = Debug|Any CPU
		Release|Any CPU = Release|Any CPU
	EndGlobalSection
	GlobalSection(ProjectConfigurationPlatforms) = postSolution
		{BA427960-E098-49FB-A0C2-C5DB4604ADDC}.Debug|Any CPU.ActiveCfg = Debug|Any CPU
		{BA427960-E098-49FB-A0C2-C5DB4604ADDC}.Debug|Any CPU.Build.0 = Debug|Any CPU
		{BA427960-E098-49FB-A0C2-C5DB4604ADDC}.Release|Any CPU.ActiveCfg = Release|Any CPU
		{BA427960-E098-49FB-A0C2-C5DB4604ADDC}.Release|Any CPU.Build.0 = Release|Any CPU
	EndGlobalSection
	GlobalSection(SolutionProperties) = preSolution
		HideSolutionNode = FALSE
	EndGlobalSection
EndGlobal
